
Microsoft Visual Studio Solution File, Format Version 12.00
# Visual Studio Version 16
VisualStudioVersion = 16.0.29609.76
MinimumVisualStudioVersion = 10.0.40219.1
Project("{9A19103F-16F7-4668-BE54-9A1E7A4F7556}") = "RedMenuClient", "RedMenuClient\RedMenuClient.csproj", "{D5131BED-ACBE-44CC-AFF5-A48DB7648F6D}"
	ProjectSection(ProjectDependencies) = postProject
		{6323344F-B50E-4CDC-B600-529E71916295} = {6323344F-B50E-4CDC-B600-529E71916295}
	EndProjectSection
EndProject
Project("{9A19103F-16F7-4668-BE54-9A1E7A4F7556}") = "RedMenuServer", "RedMenuServer\RedMenuServer.csproj", "{6323344F-B50E-4CDC-B600-529E71916295}"
EndProject
Global
	GlobalSection(SolutionConfigurationPlatforms) = preSolution
		Debug|Any CPU = Debug|Any CPU
		Release|Any CPU = Release|Any CPU
	EndGlobalSection
	GlobalSection(ProjectConfigurationPlatforms) = postSolution
		{D5131BED-ACBE-44CC-AFF5-A48DB7648F6D}.Debug|Any CPU.ActiveCfg = Debug|Any CPU
		{D5131BED-ACBE-44CC-AFF5-A48DB7648F6D}.Debug|Any CPU.Build.0 = Debug|Any CPU
		{D5131BED-ACBE-44CC-AFF5-A48DB7648F6D}.Release|Any CPU.ActiveCfg = Release|Any CPU
		{D5131BED-ACBE-44CC-AFF5-A48DB7648F6D}.Release|Any CPU.Build.0 = Release|Any CPU
		{6323344F-B50E-4CDC-B600-529E71916295}.Debug|Any CPU.ActiveCfg = Debug|Any CPU
		{6323344F-B50E-4CDC-B600-529E71916295}.Debug|Any CPU.Build.0 = Debug|Any CPU
		{6323344F-B50E-4CDC-B600-529E71916295}.Release|Any CPU.ActiveCfg = Release|Any CPU
		{6323344F-B50E-4CDC-B600-529E71916295}.Release|Any CPU.Build.0 = Release|Any CPU
	EndGlobalSection
	GlobalSection(SolutionProperties) = preSolution
		HideSolutionNode = FALSE
	EndGlobalSection
	GlobalSection(ExtensibilityGlobals) = postSolution
		SolutionGuid = {4E56B93F-4038-4575-A203-740236DE843C}
	EndGlobalSection
EndGlobal
